
Microsoft Visual Studio Solution File, Format Version 12.00
# Visual Studio 14
VisualStudioVersion = 14.0.24720.0
MinimumVisualStudioVersion = 10.0.40219.1
Project("{FAE04EC0-301F-11D3-BF4B-00C04F79EFBC}") = "PathFinder.EntryPoint", "PathFinder.EntryPoint\PathFinder.EntryPoint.csproj", "{C73D022D-F082-4CD6-A2CD-44901567D278}"
EndProject
Project("{FAE04EC0-301F-11D3-BF4B-00C04F79EFBC}") = "PathFinder.Infrastructure", "PathFinder.Infrastructure\PathFinder.Infrastructure.csproj", "{ED18084B-F3A3-4573-A1BD-EC6DDD5F462E}"
EndProject
Project("{2150E333-8FDC-42A3-9474-1A3956D46DE8}") = "Security", "Security", "{EFCDC958-6337-4582-A604-2143D6400F5C}"
EndProject
Project("{FAE04EC0-301F-11D3-BF4B-00C04F79EFBC}") = "PathFinder.Security.UserManagement", "PathFinder.Security.WebApi\PathFinder.Security.UserManagement.csproj", "{42D3429E-49E1-4F1A-8DDB-CCEF658CD333}"
EndProject
Project("{00D1A9C2-B5F0-4AF3-8072-F6C62B433612}") = "PathFinder.Database", "PathFinder.Database\PathFinder.Database.sqlproj", "{5C9BE859-07C3-4A74-952E-631E2AA6AE56}"
EndProject
Project("{2150E333-8FDC-42A3-9474-1A3956D46DE8}") = "Cars", "Cars", "{669AF69D-78FA-45B1-82F6-DCB87D3AD486}"
EndProject
Project("{FAE04EC0-301F-11D3-BF4B-00C04F79EFBC}") = "PathFinder.Cars.DAL", "PathFinder.Cars.DAL\PathFinder.Cars.DAL.csproj", "{CAC110FD-F6D2-424C-AAE9-D5F9094929AA}"
EndProject
Project("{FAE04EC0-301F-11D3-BF4B-00C04F79EFBC}") = "PathFinder.Cars.WebApi", "PathFinder.Cars.WebApi\PathFinder.Cars.WebApi.csproj", "{F979614E-8163-4371-9DA5-4FDCA6E36B62}"
EndProject
Project("{2150E333-8FDC-42A3-9474-1A3956D46DE8}") = "Trips", "Trips", "{3CB61A76-981D-44E1-AEEA-50E89DF1DF60}"
EndProject
Project("{FAE04EC0-301F-11D3-BF4B-00C04F79EFBC}") = "PathFinder.Trips.DAL", "PathFinder.Trips.DAL\PathFinder.Trips.DAL.csproj", "{D4029077-E638-4597-AB34-C2ADC2799042}"
EndProject
Project("{FAE04EC0-301F-11D3-BF4B-00C04F79EFBC}") = "PathFinder.Trips.WebApi", "PathFinder.Trips.WebApi\PathFinder.Trips.WebApi.csproj", "{7E0079DC-036A-48BE-AD0C-3122B2012DF1}"
EndProject
Project("{2150E333-8FDC-42A3-9474-1A3956D46DE8}") = "Tests", "Tests", "{5A533587-81CC-41C1-AAF2-10562DAE2DFE}"
EndProject
Project("{2150E333-8FDC-42A3-9474-1A3956D46DE8}") = "Cars", "Cars", "{40F98385-AB7B-4ABD-B318-4564A9E8A991}"
EndProject
Project("{FAE04EC0-301F-11D3-BF4B-00C04F79EFBC}") = "CarsControllersTests", "CarsControllersTests\CarsControllersTests.csproj", "{62F675BA-6F70-4EF0-BDB2-CFBFD595775E}"
EndProject
Project("{2150E333-8FDC-42A3-9474-1A3956D46DE8}") = "FeedBack", "FeedBack", "{CC6897BE-ABFA-44DB-AF86-23D297C3975E}"
EndProject
Project("{FAE04EC0-301F-11D3-BF4B-00C04F79EFBC}") = "PathFinder.FeedBack.DAL", "PathFinder.FeedBack.DAL\PathFinder.FeedBack.DAL.csproj", "{91D0285C-2EB9-4182-805A-41EC5D49A42A}"
Project("{FAE04EC0-301F-11D3-BF4B-00C04F79EFBC}") = "PathFinder.Security.Authentication", "PathFinder.Security.Authentication\PathFinder.Security.Authentication.csproj", "{79E32179-888F-42DE-B0CA-D03330905E97}"
EndProject
Project("{FAE04EC0-301F-11D3-BF4B-00C04F79EFBC}") = "PathFinder.FeedBack.WepApi", "FeedBack.WepApi\PathFinder.FeedBack.WepApi.csproj", "{0DD26009-84EC-4787-B5C8-80E6E7D62CA2}"
EndProject
Global
	GlobalSection(SolutionConfigurationPlatforms) = preSolution
		Debug|Any CPU = Debug|Any CPU
		Release|Any CPU = Release|Any CPU
	EndGlobalSection
	GlobalSection(ProjectConfigurationPlatforms) = postSolution
		{C73D022D-F082-4CD6-A2CD-44901567D278}.Debug|Any CPU.ActiveCfg = Debug|Any CPU
		{C73D022D-F082-4CD6-A2CD-44901567D278}.Debug|Any CPU.Build.0 = Debug|Any CPU
		{C73D022D-F082-4CD6-A2CD-44901567D278}.Release|Any CPU.ActiveCfg = Release|Any CPU
		{C73D022D-F082-4CD6-A2CD-44901567D278}.Release|Any CPU.Build.0 = Release|Any CPU
		{ED18084B-F3A3-4573-A1BD-EC6DDD5F462E}.Debug|Any CPU.ActiveCfg = Debug|Any CPU
		{ED18084B-F3A3-4573-A1BD-EC6DDD5F462E}.Debug|Any CPU.Build.0 = Debug|Any CPU
		{ED18084B-F3A3-4573-A1BD-EC6DDD5F462E}.Release|Any CPU.ActiveCfg = Release|Any CPU
		{ED18084B-F3A3-4573-A1BD-EC6DDD5F462E}.Release|Any CPU.Build.0 = Release|Any CPU
		{42D3429E-49E1-4F1A-8DDB-CCEF658CD333}.Debug|Any CPU.ActiveCfg = Debug|Any CPU
		{42D3429E-49E1-4F1A-8DDB-CCEF658CD333}.Debug|Any CPU.Build.0 = Debug|Any CPU
		{42D3429E-49E1-4F1A-8DDB-CCEF658CD333}.Release|Any CPU.ActiveCfg = Release|Any CPU
		{42D3429E-49E1-4F1A-8DDB-CCEF658CD333}.Release|Any CPU.Build.0 = Release|Any CPU
		{5C9BE859-07C3-4A74-952E-631E2AA6AE56}.Debug|Any CPU.ActiveCfg = Debug|Any CPU
		{5C9BE859-07C3-4A74-952E-631E2AA6AE56}.Debug|Any CPU.Build.0 = Debug|Any CPU
		{5C9BE859-07C3-4A74-952E-631E2AA6AE56}.Debug|Any CPU.Deploy.0 = Debug|Any CPU
		{5C9BE859-07C3-4A74-952E-631E2AA6AE56}.Release|Any CPU.ActiveCfg = Release|Any CPU
		{5C9BE859-07C3-4A74-952E-631E2AA6AE56}.Release|Any CPU.Build.0 = Release|Any CPU
		{5C9BE859-07C3-4A74-952E-631E2AA6AE56}.Release|Any CPU.Deploy.0 = Release|Any CPU
		{CAC110FD-F6D2-424C-AAE9-D5F9094929AA}.Debug|Any CPU.ActiveCfg = Debug|Any CPU
		{CAC110FD-F6D2-424C-AAE9-D5F9094929AA}.Debug|Any CPU.Build.0 = Debug|Any CPU
		{CAC110FD-F6D2-424C-AAE9-D5F9094929AA}.Release|Any CPU.ActiveCfg = Release|Any CPU
		{CAC110FD-F6D2-424C-AAE9-D5F9094929AA}.Release|Any CPU.Build.0 = Release|Any CPU
		{F979614E-8163-4371-9DA5-4FDCA6E36B62}.Debug|Any CPU.ActiveCfg = Debug|Any CPU
		{F979614E-8163-4371-9DA5-4FDCA6E36B62}.Debug|Any CPU.Build.0 = Debug|Any CPU
		{F979614E-8163-4371-9DA5-4FDCA6E36B62}.Release|Any CPU.ActiveCfg = Release|Any CPU
		{F979614E-8163-4371-9DA5-4FDCA6E36B62}.Release|Any CPU.Build.0 = Release|Any CPU
		{D4029077-E638-4597-AB34-C2ADC2799042}.Debug|Any CPU.ActiveCfg = Debug|Any CPU
		{D4029077-E638-4597-AB34-C2ADC2799042}.Debug|Any CPU.Build.0 = Debug|Any CPU
		{D4029077-E638-4597-AB34-C2ADC2799042}.Release|Any CPU.ActiveCfg = Release|Any CPU
		{D4029077-E638-4597-AB34-C2ADC2799042}.Release|Any CPU.Build.0 = Release|Any CPU
		{7E0079DC-036A-48BE-AD0C-3122B2012DF1}.Debug|Any CPU.ActiveCfg = Debug|Any CPU
		{7E0079DC-036A-48BE-AD0C-3122B2012DF1}.Debug|Any CPU.Build.0 = Debug|Any CPU
		{7E0079DC-036A-48BE-AD0C-3122B2012DF1}.Release|Any CPU.ActiveCfg = Release|Any CPU
		{7E0079DC-036A-48BE-AD0C-3122B2012DF1}.Release|Any CPU.Build.0 = Release|Any CPU
		{62F675BA-6F70-4EF0-BDB2-CFBFD595775E}.Debug|Any CPU.ActiveCfg = Debug|Any CPU
		{62F675BA-6F70-4EF0-BDB2-CFBFD595775E}.Debug|Any CPU.Build.0 = Debug|Any CPU
		{62F675BA-6F70-4EF0-BDB2-CFBFD595775E}.Release|Any CPU.ActiveCfg = Release|Any CPU
		{62F675BA-6F70-4EF0-BDB2-CFBFD595775E}.Release|Any CPU.Build.0 = Release|Any CPU
		{91D0285C-2EB9-4182-805A-41EC5D49A42A}.Debug|Any CPU.ActiveCfg = Debug|Any CPU
		{91D0285C-2EB9-4182-805A-41EC5D49A42A}.Debug|Any CPU.Build.0 = Debug|Any CPU
		{91D0285C-2EB9-4182-805A-41EC5D49A42A}.Release|Any CPU.ActiveCfg = Release|Any CPU
		{91D0285C-2EB9-4182-805A-41EC5D49A42A}.Release|Any CPU.Build.0 = Release|Any CPU
		{0DD26009-84EC-4787-B5C8-80E6E7D62CA2}.Debug|Any CPU.ActiveCfg = Debug|Any CPU
		{0DD26009-84EC-4787-B5C8-80E6E7D62CA2}.Debug|Any CPU.Build.0 = Debug|Any CPU
		{0DD26009-84EC-4787-B5C8-80E6E7D62CA2}.Release|Any CPU.ActiveCfg = Release|Any CPU
		{0DD26009-84EC-4787-B5C8-80E6E7D62CA2}.Release|Any CPU.Build.0 = Release|Any CPU
		{79E32179-888F-42DE-B0CA-D03330905E97}.Debug|Any CPU.ActiveCfg = Debug|Any CPU
		{79E32179-888F-42DE-B0CA-D03330905E97}.Debug|Any CPU.Build.0 = Debug|Any CPU
		{79E32179-888F-42DE-B0CA-D03330905E97}.Release|Any CPU.ActiveCfg = Release|Any CPU
		{79E32179-888F-42DE-B0CA-D03330905E97}.Release|Any CPU.Build.0 = Release|Any CPU
	EndGlobalSection
	GlobalSection(SolutionProperties) = preSolution
		HideSolutionNode = FALSE
	EndGlobalSection
	GlobalSection(NestedProjects) = preSolution
		{42D3429E-49E1-4F1A-8DDB-CCEF658CD333} = {EFCDC958-6337-4582-A604-2143D6400F5C}
		{CAC110FD-F6D2-424C-AAE9-D5F9094929AA} = {669AF69D-78FA-45B1-82F6-DCB87D3AD486}
		{F979614E-8163-4371-9DA5-4FDCA6E36B62} = {669AF69D-78FA-45B1-82F6-DCB87D3AD486}
		{D4029077-E638-4597-AB34-C2ADC2799042} = {3CB61A76-981D-44E1-AEEA-50E89DF1DF60}
		{7E0079DC-036A-48BE-AD0C-3122B2012DF1} = {3CB61A76-981D-44E1-AEEA-50E89DF1DF60}
		{40F98385-AB7B-4ABD-B318-4564A9E8A991} = {5A533587-81CC-41C1-AAF2-10562DAE2DFE}
		{62F675BA-6F70-4EF0-BDB2-CFBFD595775E} = {40F98385-AB7B-4ABD-B318-4564A9E8A991}
		{91D0285C-2EB9-4182-805A-41EC5D49A42A} = {CC6897BE-ABFA-44DB-AF86-23D297C3975E}
		{0DD26009-84EC-4787-B5C8-80E6E7D62CA2} = {CC6897BE-ABFA-44DB-AF86-23D297C3975E}
		{79E32179-888F-42DE-B0CA-D03330905E97} = {EFCDC958-6337-4582-A604-2143D6400F5C}
	EndGlobalSection
EndGlobal
